
Microsoft Visual Studio Solution File, Format Version 9.00
# Visual C# Express 2005
Project("{FAE04EC0-301F-11D3-BF4B-00C04F79EFBC}") = "ZipArchiveCreator", "ZipArchiveCreator.csproj", "{5BE0B78A-EE10-4ED2-ADD4-F68EB41DCE05}"
EndProject
Project("{FAE04EC0-301F-11D3-BF4B-00C04F79EFBC}") = "TestContentGame", "TestContentGame\TestContentGame.csproj", "{699FE572-786C-4DDA-B84A-1FFD1428BBAB}"
EndProject
Global
	GlobalSection(SolutionConfigurationPlatforms) = preSolution
		Debug|Any CPU = Debug|Any CPU
		Debug|Mixed Platforms = Debug|Mixed Platforms
		Debug|x86 = Debug|x86
		Release|Any CPU = Release|Any CPU
		Release|Mixed Platforms = Release|Mixed Platforms
		Release|x86 = Release|x86
	EndGlobalSection
	GlobalSection(ProjectConfigurationPlatforms) = postSolution
		{5BE0B78A-EE10-4ED2-ADD4-F68EB41DCE05}.Debug|Any CPU.ActiveCfg = Debug|Any CPU
		{5BE0B78A-EE10-4ED2-ADD4-F68EB41DCE05}.Debug|Any CPU.Build.0 = Debug|Any CPU
		{5BE0B78A-EE10-4ED2-ADD4-F68EB41DCE05}.Debug|Mixed Platforms.ActiveCfg = Debug|Any CPU
		{5BE0B78A-EE10-4ED2-ADD4-F68EB41DCE05}.Debug|Mixed Platforms.Build.0 = Debug|Any CPU
		{5BE0B78A-EE10-4ED2-ADD4-F68EB41DCE05}.Debug|x86.ActiveCfg = Debug|Any CPU
		{5BE0B78A-EE10-4ED2-ADD4-F68EB41DCE05}.Debug|x86.Build.0 = Debug|Any CPU
		{5BE0B78A-EE10-4ED2-ADD4-F68EB41DCE05}.Release|Any CPU.ActiveCfg = Release|Any CPU
		{5BE0B78A-EE10-4ED2-ADD4-F68EB41DCE05}.Release|Any CPU.Build.0 = Release|Any CPU
		{5BE0B78A-EE10-4ED2-ADD4-F68EB41DCE05}.Release|Mixed Platforms.ActiveCfg = Release|Any CPU
		{5BE0B78A-EE10-4ED2-ADD4-F68EB41DCE05}.Release|Mixed Platforms.Build.0 = Release|Any CPU
		{5BE0B78A-EE10-4ED2-ADD4-F68EB41DCE05}.Release|x86.ActiveCfg = Release|Any CPU
		{699FE572-786C-4DDA-B84A-1FFD1428BBAB}.Debug|Any CPU.ActiveCfg = Debug|x86
		{699FE572-786C-4DDA-B84A-1FFD1428BBAB}.Debug|Any CPU.Build.0 = Debug|x86
		{699FE572-786C-4DDA-B84A-1FFD1428BBAB}.Debug|Mixed Platforms.ActiveCfg = Debug|x86
		{699FE572-786C-4DDA-B84A-1FFD1428BBAB}.Debug|Mixed Platforms.Build.0 = Debug|x86
		{699FE572-786C-4DDA-B84A-1FFD1428BBAB}.Debug|x86.ActiveCfg = Debug|x86
		{699FE572-786C-4DDA-B84A-1FFD1428BBAB}.Debug|x86.Build.0 = Debug|x86
		{699FE572-786C-4DDA-B84A-1FFD1428BBAB}.Release|Any CPU.ActiveCfg = Release|x86
		{699FE572-786C-4DDA-B84A-1FFD1428BBAB}.Release|Any CPU.Build.0 = Release|x86
		{699FE572-786C-4DDA-B84A-1FFD1428BBAB}.Release|Mixed Platforms.ActiveCfg = Release|x86
		{699FE572-786C-4DDA-B84A-1FFD1428BBAB}.Release|Mixed Platforms.Build.0 = Release|x86
		{699FE572-786C-4DDA-B84A-1FFD1428BBAB}.Release|x86.ActiveCfg = Release|x86
		{699FE572-786C-4DDA-B84A-1FFD1428BBAB}.Release|x86.Build.0 = Release|x86
	EndGlobalSection
	GlobalSection(SolutionProperties) = preSolution
		HideSolutionNode = FALSE
	EndGlobalSection
EndGlobal
