
Microsoft Visual Studio Solution File, Format Version 12.00
# Visual Studio 15
VisualStudioVersion = 15.0.28010.2048
MinimumVisualStudioVersion = 10.0.40219.1
Project("{FAE04EC0-301F-11D3-BF4B-00C04F79EFBC}") = "ContentBundler", "ContentBundler\ContentBundler.csproj", "{C9DB5A08-2F41-4898-9213-0C2D82DF8CCF}"
EndProject
Global
	GlobalSection(SolutionConfigurationPlatforms) = preSolution
		Debug|Any CPU = Debug|Any CPU
		Release|Any CPU = Release|Any CPU
	EndGlobalSection
	GlobalSection(ProjectConfigurationPlatforms) = postSolution
		{C9DB5A08-2F41-4898-9213-0C2D82DF8CCF}.Debug|Any CPU.ActiveCfg = Debug|Any CPU
		{C9DB5A08-2F41-4898-9213-0C2D82DF8CCF}.Debug|Any CPU.Build.0 = Debug|Any CPU
		{C9DB5A08-2F41-4898-9213-0C2D82DF8CCF}.Release|Any CPU.ActiveCfg = Release|Any CPU
		{C9DB5A08-2F41-4898-9213-0C2D82DF8CCF}.Release|Any CPU.Build.0 = Release|Any CPU
	EndGlobalSection
	GlobalSection(SolutionProperties) = preSolution
		HideSolutionNode = FALSE
	EndGlobalSection
	GlobalSection(ExtensibilityGlobals) = postSolution
		SolutionGuid = {F522C44A-C2E0-4FF6-81A0-050AA5F44C10}
	EndGlobalSection
EndGlobal
